
Microsoft Visual Studio Solution File, Format Version 12.00
# Visual Studio Version 16
VisualStudioVersion = 16.0.30804.86
MinimumVisualStudioVersion = 10.0.40219.1
Project("{8BC9CEB8-8B4A-11D0-8D11-00A0C91BC942}") = "OOP_5.1G", "OOP_5.1G\OOP_5.1G.vcxproj", "{DC74CAFB-FD0A-4F5A-B2E6-8DB82932A9C9}"
EndProject
Project("{8BC9CEB8-8B4A-11D0-8D11-00A0C91BC942}") = "UnitTest1", "UnitTest1\UnitTest1.vcxproj", "{E2BD2289-3163-4383-AE7B-125841DBBD07}"
EndProject
Global
	GlobalSection(SolutionConfigurationPlatforms) = preSolution
		Debug|x64 = Debug|x64
		Debug|x86 = Debug|x86
		Release|x64 = Release|x64
		Release|x86 = Release|x86
	EndGlobalSection
	GlobalSection(ProjectConfigurationPlatforms) = postSolution
		{DC74CAFB-FD0A-4F5A-B2E6-8DB82932A9C9}.Debug|x64.ActiveCfg = Debug|x64
		{DC74CAFB-FD0A-4F5A-B2E6-8DB82932A9C9}.Debug|x64.Build.0 = Debug|x64
		{DC74CAFB-FD0A-4F5A-B2E6-8DB82932A9C9}.Debug|x86.ActiveCfg = Debug|Win32
		{DC74CAFB-FD0A-4F5A-B2E6-8DB82932A9C9}.Debug|x86.Build.0 = Debug|Win32
		{DC74CAFB-FD0A-4F5A-B2E6-8DB82932A9C9}.Release|x64.ActiveCfg = Release|x64
		{DC74CAFB-FD0A-4F5A-B2E6-8DB82932A9C9}.Release|x64.Build.0 = Release|x64
		{DC74CAFB-FD0A-4F5A-B2E6-8DB82932A9C9}.Release|x86.ActiveCfg = Release|Win32
		{DC74CAFB-FD0A-4F5A-B2E6-8DB82932A9C9}.Release|x86.Build.0 = Release|Win32
		{E2BD2289-3163-4383-AE7B-125841DBBD07}.Debug|x64.ActiveCfg = Debug|x64
		{E2BD2289-3163-4383-AE7B-125841DBBD07}.Debug|x64.Build.0 = Debug|x64
		{E2BD2289-3163-4383-AE7B-125841DBBD07}.Debug|x86.ActiveCfg = Debug|Win32
		{E2BD2289-3163-4383-AE7B-125841DBBD07}.Debug|x86.Build.0 = Debug|Win32
		{E2BD2289-3163-4383-AE7B-125841DBBD07}.Release|x64.ActiveCfg = Release|x64
		{E2BD2289-3163-4383-AE7B-125841DBBD07}.Release|x64.Build.0 = Release|x64
		{E2BD2289-3163-4383-AE7B-125841DBBD07}.Release|x86.ActiveCfg = Release|Win32
		{E2BD2289-3163-4383-AE7B-125841DBBD07}.Release|x86.Build.0 = Release|Win32
	EndGlobalSection
	GlobalSection(SolutionProperties) = preSolution
		HideSolutionNode = FALSE
	EndGlobalSection
	GlobalSection(ExtensibilityGlobals) = postSolution
		SolutionGuid = {C60097F3-53AA-470E-9DEB-C7E150EF32CE}
	EndGlobalSection
EndGlobal
